
Microsoft Visual Studio Solution File, Format Version 12.00
# Visual Studio Version 17
VisualStudioVersion = 17.6.33815.320
MinimumVisualStudioVersion = 10.0.40219.1
Project("{FAE04EC0-301F-11D3-BF4B-00C04F79EFBC}") = "DelegateExample", "DelegateExample\DelegateExample.csproj", "{F818203B-1D3A-48E8-AB23-FDE19EB137C5}"
EndProject
Global
	GlobalSection(SolutionConfigurationPlatforms) = preSolution
		Debug|Any CPU = Debug|Any CPU
		Release|Any CPU = Release|Any CPU
	EndGlobalSection
	GlobalSection(ProjectConfigurationPlatforms) = postSolution
		{F818203B-1D3A-48E8-AB23-FDE19EB137C5}.Debug|Any CPU.ActiveCfg = Debug|Any CPU
		{F818203B-1D3A-48E8-AB23-FDE19EB137C5}.Debug|Any CPU.Build.0 = Debug|Any CPU
		{F818203B-1D3A-48E8-AB23-FDE19EB137C5}.Release|Any CPU.ActiveCfg = Release|Any CPU
		{F818203B-1D3A-48E8-AB23-FDE19EB137C5}.Release|Any CPU.Build.0 = Release|Any CPU
	EndGlobalSection
	GlobalSection(SolutionProperties) = preSolution
		HideSolutionNode = FALSE
	EndGlobalSection
	GlobalSection(ExtensibilityGlobals) = postSolution
		SolutionGuid = {339140ED-E13A-4619-B0BC-E3800E418F5D}
	EndGlobalSection
EndGlobal
